# This file is automatically @generated by Cargo.
# It is not intended for manual editing.
[[package]]
name = "mathfunc"
version = "0.1.0"
source = "registry+https://github.com/rust-lang/crates.io-index"

[[package]]
name = "new"
version = "0.1.0"
dependencies = [
 "mathfunc 0.1.0 (registry+https://github.com/rust-lang/crates.io-index)",
]

[metadata]
"checksum mathfunc 0.1.0 (registry+https://github.com/rust-lang/crates.io-index)" = "703a82ff9f145b4339009ce8227c3714d9388301ff94e42cf53a3e410b31e33b"
